
Microsoft Visual Studio Solution File, Format Version 12.00
# Visual Studio Version 17
VisualStudioVersion = 17.10.35027.167
MinimumVisualStudioVersion = 10.0.40219.1
Project("{FAE04EC0-301F-11D3-BF4B-00C04F79EFBC}") = "DragonBallKaiUBDUtility", "DragonBallKaiUBDUtility\DragonBallKaiUBDUtility.csproj", "{FBE12F8D-DA82-4FA1-BB26-7D70C4EFB896}"
EndProject
Project("{FAE04EC0-301F-11D3-BF4B-00C04F79EFBC}") = "DragonBallKaiUBDLib", "DragonBallKaiUBDLib\DragonBallKaiUBDLib.csproj", "{826D3698-C8AE-4B76-AFC9-A3B7A18EC2D1}"
EndProject
Global
	GlobalSection(SolutionConfigurationPlatforms) = preSolution
		Debug|Any CPU = Debug|Any CPU
		Release|Any CPU = Release|Any CPU
	EndGlobalSection
	GlobalSection(ProjectConfigurationPlatforms) = postSolution
		{FBE12F8D-DA82-4FA1-BB26-7D70C4EFB896}.Debug|Any CPU.ActiveCfg = Debug|Any CPU
		{FBE12F8D-DA82-4FA1-BB26-7D70C4EFB896}.Debug|Any CPU.Build.0 = Debug|Any CPU
		{FBE12F8D-DA82-4FA1-BB26-7D70C4EFB896}.Release|Any CPU.ActiveCfg = Release|Any CPU
		{FBE12F8D-DA82-4FA1-BB26-7D70C4EFB896}.Release|Any CPU.Build.0 = Release|Any CPU
		{826D3698-C8AE-4B76-AFC9-A3B7A18EC2D1}.Debug|Any CPU.ActiveCfg = Debug|Any CPU
		{826D3698-C8AE-4B76-AFC9-A3B7A18EC2D1}.Debug|Any CPU.Build.0 = Debug|Any CPU
		{826D3698-C8AE-4B76-AFC9-A3B7A18EC2D1}.Release|Any CPU.ActiveCfg = Release|Any CPU
		{826D3698-C8AE-4B76-AFC9-A3B7A18EC2D1}.Release|Any CPU.Build.0 = Release|Any CPU
	EndGlobalSection
	GlobalSection(SolutionProperties) = preSolution
		HideSolutionNode = FALSE
	EndGlobalSection
	GlobalSection(ExtensibilityGlobals) = postSolution
		SolutionGuid = {E35DE691-5490-4C03-849A-330409C41DA1}
	EndGlobalSection
EndGlobal
